{
  "name": "dripline",
  "version": "0.7.0-rc.10",
  "lockfileVersion": 3,
  "requires": true,
  "packages": {
    "": {
      "name": "dripline",
      "version": "0.7.0-rc.10",
      "license": "MIT",
      "workspaces": [
        "plugins/*"
      ],
      "dependencies": {
        "@duckdb/node-api": "^1.5.2-r.1",
        "aws4fetch": "^1.0.20",
        "chalk": "^5.6.2",
        "commander": "^14.0.3",
        "nanoid": "^5.1.6"
      },
      "bin": {
        "dripline": "dist/main.js"
      },
      "devDependencies": {
        "@biomejs/biome": "^2.3.14",
        "@types/node": "^25.5.0",
        "tsx": "^4.21.0",
        "typescript": "^5.8.0"
      }
    },
    "node_modules/@biomejs/biome": {
      "version": "2.4.8",
      "dev": true,
      "license": "MIT OR Apache-2.0",
      "bin": {
        "biome": "bin/biome"
      },
      "engines": {
        "node": ">=14.21.3"
      },
      "funding": {
        "type": "opencollective",
        "url": "https://opencollective.com/biome"
      },
      "optionalDependencies": {
        "@biomejs/cli-darwin-arm64": "2.4.8",
        "@biomejs/cli-darwin-x64": "2.4.8",
        "@biomejs/cli-linux-arm64": "2.4.8",
        "@biomejs/cli-linux-arm64-musl": "2.4.8",
        "@biomejs/cli-linux-x64": "2.4.8",
        "@biomejs/cli-linux-x64-musl": "2.4.8",
        "@biomejs/cli-win32-arm64": "2.4.8",
        "@biomejs/cli-win32-x64": "2.4.8"
      }
    },
    "node_modules/@biomejs/cli-darwin-arm64": {
      "version": "2.4.8",
      "cpu": [
        "arm64"
      ],
      "dev": true,
      "license": "MIT OR Apache-2.0",
      "optional": true,
      "os": [
        "darwin"
      ],
      "engines": {
        "node": ">=14.21.3"
      }
    },
    "node_modules/@duckdb/node-api": {
      "version": "1.5.2-r.1",
      "resolved": "https://registry.npmjs.org/@duckdb/node-api/-/node-api-1.5.2-r.1.tgz",
      "integrity": "sha512-OzBBnS0JGXMoS5mzKNY/Ylr7SshcRQiLFIoxQ4AlePwJ2fNeDL/fbHu/knjxUrXwW1fJBTUgwWftmxDdnZZb3A==",
      "license": "MIT",
      "dependencies": {
        "@duckdb/node-bindings": "1.5.2-r.1"
      }
    },
    "node_modules/@duckdb/node-bindings": {
      "version": "1.5.2-r.1",
      "resolved": "https://registry.npmjs.org/@duckdb/node-bindings/-/node-bindings-1.5.2-r.1.tgz",
      "integrity": "sha512-bUg3bLVj70YVku6fKyQJS8ASORl7kM7YFVFznsEB9pWbtazPj+ME2x2FUk0WiTzjJdutjzSSGXF066mB4bGGZA==",
      "license": "MIT",
      "optionalDependencies": {
        "@duckdb/node-bindings-darwin-arm64": "1.5.2-r.1",
        "@duckdb/node-bindings-darwin-x64": "1.5.2-r.1",
        "@duckdb/node-bindings-linux-arm64": "1.5.2-r.1",
        "@duckdb/node-bindings-linux-x64": "1.5.2-r.1",
        "@duckdb/node-bindings-win32-arm64": "1.5.2-r.1",
        "@duckdb/node-bindings-win32-x64": "1.5.2-r.1"
      }
    },
    "node_modules/@duckdb/node-bindings-darwin-arm64": {
      "version": "1.5.2-r.1",
      "resolved": "https://registry.npmjs.org/@duckdb/node-bindings-darwin-arm64/-/node-bindings-darwin-arm64-1.5.2-r.1.tgz",
      "integrity": "sha512-v35FyKOb8EJCvaiPF7k0gvKiJTXR7PPQDNoWR0Gu+YSX5O9b+DIguzt1348Of3HebHy6ATSMzlUekaVA9YXu+g==",
      "cpu": [
        "arm64"
      ],
      "license": "MIT",
      "optional": true,
      "os": [
        "darwin"
      ]
    },
    "node_modules/@duckdb/node-bindings-darwin-x64": {
      "version": "1.5.2-r.1",
      "resolved": "https://registry.npmjs.org/@duckdb/node-bindings-darwin-x64/-/node-bindings-darwin-x64-1.5.2-r.1.tgz",
      "integrity": "sha512-SU9dIJ1BluKkkGxi4UsP4keqkkstB2YDySF9KcYu3EZKIVM3FTv2zc7XO38dXnHOq6+F3WqhWWZvD+XU945p7A==",
      "cpu": [
        "x64"
      ],
      "license": "MIT",
      "optional": true,
      "os": [
        "darwin"
      ]
    },
    "node_modules/@duckdb/node-bindings-linux-arm64": {
      "version": "1.5.2-r.1",
      "resolved": "https://registry.npmjs.org/@duckdb/node-bindings-linux-arm64/-/node-bindings-linux-arm64-1.5.2-r.1.tgz",
      "integrity": "sha512-3Tra9xM3aM3denaER4KhJ6//6PpmPbik9ECBQ+sh9PyKaEgHw/0kAcKnLm5EzWUnXF0qYmZlewvkCrse8KmOYw==",
      "cpu": [
        "arm64"
      ],
      "license": "MIT",
      "optional": true,
      "os": [
        "linux"
      ]
    },
    "node_modules/@duckdb/node-bindings-linux-x64": {
      "version": "1.5.2-r.1",
      "resolved": "https://registry.npmjs.org/@duckdb/node-bindings-linux-x64/-/node-bindings-linux-x64-1.5.2-r.1.tgz",
      "integrity": "sha512-pcQvZRHiIfJ9cq8parkSQczQHEml/IeGfnDCMAbEgD6+jaV9Y9Y5Ph1kP9aR+bm6him1S5ZIEr3kZbihjKnWbA==",
      "cpu": [
        "x64"
      ],
      "license": "MIT",
      "optional": true,
      "os": [
        "linux"
      ]
    },
    "node_modules/@duckdb/node-bindings-win32-arm64": {
      "version": "1.5.2-r.1",
      "resolved": "https://registry.npmjs.org/@duckdb/node-bindings-win32-arm64/-/node-bindings-win32-arm64-1.5.2-r.1.tgz",
      "integrity": "sha512-Ji8tym+N3LkrhVt0Up3bsacD/kpg4/JXFJQqxswiYvBaNCQOk+D+aiVS0GN5pcqvmnG7V7TpsDRzkLEFaWp1vw==",
      "cpu": [
        "arm64"
      ],
      "license": "MIT",
      "optional": true,
      "os": [
        "win32"
      ]
    },
    "node_modules/@duckdb/node-bindings-win32-x64": {
      "version": "1.5.2-r.1",
      "resolved": "https://registry.npmjs.org/@duckdb/node-bindings-win32-x64/-/node-bindings-win32-x64-1.5.2-r.1.tgz",
      "integrity": "sha512-5XqcqC+4R8ghBEEbnc2a0sqfz1zyPBRb9YcmIWfiuDoCYSYFbKhmHcEyNftZDHcwCoLOHXnUin45jraex4STqQ==",
      "cpu": [
        "x64"
      ],
      "license": "MIT",
      "optional": true,
      "os": [
        "win32"
      ]
    },
    "node_modules/@esbuild/darwin-arm64": {
      "version": "0.27.4",
      "cpu": [
        "arm64"
      ],
      "dev": true,
      "license": "MIT",
      "optional": true,
      "os": [
        "darwin"
      ],
      "engines": {
        "node": ">=18"
      }
    },
    "node_modules/@types/node": {
      "version": "25.5.0",
      "dev": true,
      "license": "MIT",
      "dependencies": {
        "undici-types": "~7.18.0"
      }
    },
    "node_modules/aws4fetch": {
      "version": "1.0.20",
      "resolved": "https://registry.npmjs.org/aws4fetch/-/aws4fetch-1.0.20.tgz",
      "integrity": "sha512-/djoAN709iY65ETD6LKCtyyEI04XIBP5xVvfmNxsEP0uJB5tyaGBztSryRr4HqMStr9R06PisQE7m9zDTXKu6g==",
      "license": "MIT"
    },
    "node_modules/chalk": {
      "version": "5.6.2",
      "license": "MIT",
      "engines": {
        "node": "^12.17.0 || ^14.13 || >=16.0.0"
      },
      "funding": {
        "url": "https://github.com/chalk/chalk?sponsor=1"
      }
    },
    "node_modules/commander": {
      "version": "14.0.3",
      "license": "MIT",
      "engines": {
        "node": ">=20"
      }
    },
    "node_modules/dripline-plugin-auth0": {
      "resolved": "plugins/auth0",
      "link": true
    },
    "node_modules/dripline-plugin-azuredevops": {
      "resolved": "plugins/azuredevops",
      "link": true
    },
    "node_modules/dripline-plugin-bitbucket": {
      "resolved": "plugins/bitbucket",
      "link": true
    },
    "node_modules/dripline-plugin-bluesky": {
      "resolved": "plugins/bluesky",
      "link": true
    },
    "node_modules/dripline-plugin-brew": {
      "resolved": "plugins/brew",
      "link": true
    },
    "node_modules/dripline-plugin-circleci": {
      "resolved": "plugins/circleci",
      "link": true
    },
    "node_modules/dripline-plugin-cloudflare": {
      "resolved": "plugins/cloudflare",
      "link": true
    },
    "node_modules/dripline-plugin-confluence": {
      "resolved": "plugins/confluence",
      "link": true
    },
    "node_modules/dripline-plugin-datadog": {
      "resolved": "plugins/datadog",
      "link": true
    },
    "node_modules/dripline-plugin-digitalocean": {
      "resolved": "plugins/digitalocean",
      "link": true
    },
    "node_modules/dripline-plugin-docker": {
      "resolved": "plugins/docker",
      "link": true
    },
    "node_modules/dripline-plugin-dockerhub": {
      "resolved": "plugins/dockerhub",
      "link": true
    },
    "node_modules/dripline-plugin-fastly": {
      "resolved": "plugins/fastly",
      "link": true
    },
    "node_modules/dripline-plugin-finance": {
      "resolved": "plugins/finance",
      "link": true
    },
    "node_modules/dripline-plugin-fly": {
      "resolved": "plugins/fly",
      "link": true
    },
    "node_modules/dripline-plugin-git": {
      "resolved": "plugins/git",
      "link": true
    },
    "node_modules/dripline-plugin-github": {
      "resolved": "plugins/github",
      "link": true
    },
    "node_modules/dripline-plugin-gitlab": {
      "resolved": "plugins/gitlab",
      "link": true
    },
    "node_modules/dripline-plugin-grafana": {
      "resolved": "plugins/grafana",
      "link": true
    },
    "node_modules/dripline-plugin-hackernews": {
      "resolved": "plugins/hackernews",
      "link": true
    },
    "node_modules/dripline-plugin-heroku": {
      "resolved": "plugins/heroku",
      "link": true
    },
    "node_modules/dripline-plugin-hibp": {
      "resolved": "plugins/hibp",
      "link": true
    },
    "node_modules/dripline-plugin-jira": {
      "resolved": "plugins/jira",
      "link": true
    },
    "node_modules/dripline-plugin-kubectl": {
      "resolved": "plugins/kubectl",
      "link": true
    },
    "node_modules/dripline-plugin-linear": {
      "resolved": "plugins/linear",
      "link": true
    },
    "node_modules/dripline-plugin-linode": {
      "resolved": "plugins/linode",
      "link": true
    },
    "node_modules/dripline-plugin-mastodon": {
      "resolved": "plugins/mastodon",
      "link": true
    },
    "node_modules/dripline-plugin-mongodb": {
      "resolved": "plugins/mongodb",
      "link": true
    },
    "node_modules/dripline-plugin-mongodbatlas": {
      "resolved": "plugins/mongodbatlas",
      "link": true
    },
    "node_modules/dripline-plugin-net": {
      "resolved": "plugins/net",
      "link": true
    },
    "node_modules/dripline-plugin-newrelic": {
      "resolved": "plugins/newrelic",
      "link": true
    },
    "node_modules/dripline-plugin-npm": {
      "resolved": "plugins/npm",
      "link": true
    },
    "node_modules/dripline-plugin-okta": {
      "resolved": "plugins/okta",
      "link": true
    },
    "node_modules/dripline-plugin-onepassword": {
      "resolved": "plugins/onepassword",
      "link": true
    },
    "node_modules/dripline-plugin-openai": {
      "resolved": "plugins/openai",
      "link": true
    },
    "node_modules/dripline-plugin-pagerduty": {
      "resolved": "plugins/pagerduty",
      "link": true
    },
    "node_modules/dripline-plugin-pi": {
      "resolved": "plugins/pi",
      "link": true
    },
    "node_modules/dripline-plugin-ps": {
      "resolved": "plugins/ps",
      "link": true
    },
    "node_modules/dripline-plugin-reddit": {
      "resolved": "plugins/reddit",
      "link": true
    },
    "node_modules/dripline-plugin-rss": {
      "resolved": "plugins/rss",
      "link": true
    },
    "node_modules/dripline-plugin-sentry": {
      "resolved": "plugins/sentry",
      "link": true
    },
    "node_modules/dripline-plugin-shodan": {
      "resolved": "plugins/shodan",
      "link": true
    },
    "node_modules/dripline-plugin-skills-sh": {
      "resolved": "plugins/skills-sh",
      "link": true
    },
    "node_modules/dripline-plugin-slack": {
      "resolved": "plugins/slack",
      "link": true
    },
    "node_modules/dripline-plugin-spotlight": {
      "resolved": "plugins/spotlight",
      "link": true
    },
    "node_modules/dripline-plugin-stripe": {
      "resolved": "plugins/stripe",
      "link": true
    },
    "node_modules/dripline-plugin-svgl": {
      "resolved": "plugins/svgl",
      "link": true
    },
    "node_modules/dripline-plugin-system-profiler": {
      "resolved": "plugins/system-profiler",
      "link": true
    },
    "node_modules/dripline-plugin-tailscale": {
      "resolved": "plugins/tailscale",
      "link": true
    },
    "node_modules/dripline-plugin-terraform": {
      "resolved": "plugins/terraform",
      "link": true
    },
    "node_modules/dripline-plugin-trello": {
      "resolved": "plugins/trello",
      "link": true
    },
    "node_modules/dripline-plugin-trivy": {
      "resolved": "plugins/trivy",
      "link": true
    },
    "node_modules/dripline-plugin-twilio": {
      "resolved": "plugins/twilio",
      "link": true
    },
    "node_modules/dripline-plugin-urlscan": {
      "resolved": "plugins/urlscan",
      "link": true
    },
    "node_modules/dripline-plugin-vercel": {
      "resolved": "plugins/vercel",
      "link": true
    },
    "node_modules/dripline-plugin-zendesk": {
      "resolved": "plugins/zendesk",
      "link": true
    },
    "node_modules/esbuild": {
      "version": "0.27.4",
      "dev": true,
      "hasInstallScript": true,
      "license": "MIT",
      "bin": {
        "esbuild": "bin/esbuild"
      },
      "engines": {
        "node": ">=18"
      },
      "optionalDependencies": {
        "@esbuild/aix-ppc64": "0.27.4",
        "@esbuild/android-arm": "0.27.4",
        "@esbuild/android-arm64": "0.27.4",
        "@esbuild/android-x64": "0.27.4",
        "@esbuild/darwin-arm64": "0.27.4",
        "@esbuild/darwin-x64": "0.27.4",
        "@esbuild/freebsd-arm64": "0.27.4",
        "@esbuild/freebsd-x64": "0.27.4",
        "@esbuild/linux-arm": "0.27.4",
        "@esbuild/linux-arm64": "0.27.4",
        "@esbuild/linux-ia32": "0.27.4",
        "@esbuild/linux-loong64": "0.27.4",
        "@esbuild/linux-mips64el": "0.27.4",
        "@esbuild/linux-ppc64": "0.27.4",
        "@esbuild/linux-riscv64": "0.27.4",
        "@esbuild/linux-s390x": "0.27.4",
        "@esbuild/linux-x64": "0.27.4",
        "@esbuild/netbsd-arm64": "0.27.4",
        "@esbuild/netbsd-x64": "0.27.4",
        "@esbuild/openbsd-arm64": "0.27.4",
        "@esbuild/openbsd-x64": "0.27.4",
        "@esbuild/openharmony-arm64": "0.27.4",
        "@esbuild/sunos-x64": "0.27.4",
        "@esbuild/win32-arm64": "0.27.4",
        "@esbuild/win32-ia32": "0.27.4",
        "@esbuild/win32-x64": "0.27.4"
      }
    },
    "node_modules/fsevents": {
      "version": "2.3.3",
      "dev": true,
      "license": "MIT",
      "optional": true,
      "os": [
        "darwin"
      ],
      "engines": {
        "node": "^8.16.0 || ^10.6.0 || >=11.0.0"
      }
    },
    "node_modules/get-tsconfig": {
      "version": "4.13.6",
      "dev": true,
      "license": "MIT",
      "dependencies": {
        "resolve-pkg-maps": "^1.0.0"
      },
      "funding": {
        "url": "https://github.com/privatenumber/get-tsconfig?sponsor=1"
      }
    },
    "node_modules/nanoid": {
      "version": "5.1.7",
      "funding": [
        {
          "type": "github",
          "url": "https://github.com/sponsors/ai"
        }
      ],
      "license": "MIT",
      "bin": {
        "nanoid": "bin/nanoid.js"
      },
      "engines": {
        "node": "^18 || >=20"
      }
    },
    "node_modules/resolve-pkg-maps": {
      "version": "1.0.0",
      "dev": true,
      "license": "MIT",
      "funding": {
        "url": "https://github.com/privatenumber/resolve-pkg-maps?sponsor=1"
      }
    },
    "node_modules/tsx": {
      "version": "4.21.0",
      "dev": true,
      "license": "MIT",
      "dependencies": {
        "esbuild": "~0.27.0",
        "get-tsconfig": "^4.7.5"
      },
      "bin": {
        "tsx": "dist/cli.mjs"
      },
      "engines": {
        "node": ">=18.0.0"
      },
      "optionalDependencies": {
        "fsevents": "~2.3.3"
      }
    },
    "node_modules/typescript": {
      "version": "5.9.3",
      "dev": true,
      "license": "Apache-2.0",
      "bin": {
        "tsc": "bin/tsc",
        "tsserver": "bin/tsserver"
      },
      "engines": {
        "node": ">=14.17"
      }
    },
    "node_modules/undici-types": {
      "version": "7.18.2",
      "dev": true,
      "license": "MIT"
    },
    "plugins/auth0": {
      "name": "dripline-plugin-auth0",
      "version": "0.1.0",
      "peerDependencies": {
        "dripline": ">=0.3.0"
      }
    },
    "plugins/azuredevops": {
      "name": "dripline-plugin-azuredevops",
      "version": "0.1.0",
      "peerDependencies": {
        "dripline": ">=0.3.0"
      }
    },
    "plugins/bitbucket": {
      "name": "dripline-plugin-bitbucket",
      "version": "0.1.0",
      "peerDependencies": {
        "dripline": ">=0.3.0"
      }
    },
    "plugins/bluesky": {
      "name": "dripline-plugin-bluesky",
      "version": "0.1.0",
      "peerDependencies": {
        "dripline": ">=0.3.0"
      }
    },
    "plugins/brew": {
      "name": "dripline-plugin-brew",
      "version": "0.1.0",
      "license": "MIT",
      "devDependencies": {
        "typescript": "^5.8.0"
      },
      "peerDependencies": {
        "dripline": ">=0.2.0"
      }
    },
    "plugins/circleci": {
      "name": "dripline-plugin-circleci",
      "version": "0.1.0",
      "peerDependencies": {
        "dripline": ">=0.3.0"
      }
    },
    "plugins/cloudflare": {
      "name": "dripline-plugin-cloudflare",
      "version": "0.1.0",
      "license": "MIT",
      "devDependencies": {
        "typescript": "^5.8.0"
      },
      "peerDependencies": {
        "dripline": ">=0.2.0"
      }
    },
    "plugins/confluence": {
      "name": "dripline-plugin-confluence",
      "version": "0.1.0",
      "peerDependencies": {
        "dripline": ">=0.3.0"
      }
    },
    "plugins/datadog": {
      "name": "dripline-plugin-datadog",
      "version": "0.1.0",
      "peerDependencies": {
        "dripline": ">=0.3.0"
      }
    },
    "plugins/digitalocean": {
      "name": "dripline-plugin-digitalocean",
      "version": "0.1.0",
      "peerDependencies": {
        "dripline": ">=0.3.0"
      }
    },
    "plugins/docker": {
      "name": "dripline-plugin-docker",
      "version": "0.1.0",
      "license": "MIT",
      "devDependencies": {
        "typescript": "^5.8.0"
      },
      "peerDependencies": {
        "dripline": ">=0.2.0"
      }
    },
    "plugins/dockerhub": {
      "name": "dripline-plugin-dockerhub",
      "version": "0.1.0",
      "peerDependencies": {
        "dripline": ">=0.3.0"
      }
    },
    "plugins/fastly": {
      "name": "dripline-plugin-fastly",
      "version": "0.1.0",
      "peerDependencies": {
        "dripline": ">=0.3.0"
      }
    },
    "plugins/finance": {
      "name": "dripline-plugin-finance",
      "version": "0.1.0",
      "peerDependencies": {
        "dripline": ">=0.3.0"
      }
    },
    "plugins/fly": {
      "name": "dripline-plugin-fly",
      "version": "0.1.0",
      "peerDependencies": {
        "dripline": ">=0.3.0"
      }
    },
    "plugins/git": {
      "name": "dripline-plugin-git",
      "version": "0.1.0",
      "license": "MIT",
      "devDependencies": {
        "typescript": "^5.8.0"
      },
      "peerDependencies": {
        "dripline": ">=0.2.0"
      }
    },
    "plugins/github": {
      "name": "dripline-plugin-github",
      "version": "0.1.0",
      "license": "MIT",
      "devDependencies": {
        "typescript": "^5.8.0"
      },
      "peerDependencies": {
        "dripline": ">=0.2.0"
      }
    },
    "plugins/gitlab": {
      "name": "dripline-plugin-gitlab",
      "version": "0.1.0",
      "peerDependencies": {
        "dripline": ">=0.3.0"
      }
    },
    "plugins/grafana": {
      "name": "dripline-plugin-grafana",
      "version": "0.1.0",
      "peerDependencies": {
        "dripline": ">=0.3.0"
      }
    },
    "plugins/hackernews": {
      "name": "dripline-plugin-hackernews",
      "version": "0.1.0",
      "peerDependencies": {
        "dripline": ">=0.3.0"
      }
    },
    "plugins/heroku": {
      "name": "dripline-plugin-heroku",
      "version": "0.1.0",
      "peerDependencies": {
        "dripline": ">=0.3.0"
      }
    },
    "plugins/hibp": {
      "name": "dripline-plugin-hibp",
      "version": "0.1.0",
      "peerDependencies": {
        "dripline": ">=0.3.0"
      }
    },
    "plugins/jira": {
      "name": "dripline-plugin-jira",
      "version": "0.1.0",
      "peerDependencies": {
        "dripline": ">=0.3.0"
      }
    },
    "plugins/kubectl": {
      "name": "dripline-plugin-kubectl",
      "version": "0.1.0",
      "license": "MIT",
      "devDependencies": {
        "typescript": "^5.8.0"
      },
      "peerDependencies": {
        "dripline": ">=0.2.0"
      }
    },
    "plugins/linear": {
      "name": "dripline-plugin-linear",
      "version": "0.1.0",
      "peerDependencies": {
        "dripline": ">=0.3.0"
      }
    },
    "plugins/linode": {
      "name": "dripline-plugin-linode",
      "version": "0.1.0",
      "peerDependencies": {
        "dripline": ">=0.3.0"
      }
    },
    "plugins/mastodon": {
      "name": "dripline-plugin-mastodon",
      "version": "0.1.0",
      "peerDependencies": {
        "dripline": ">=0.3.0"
      }
    },
    "plugins/mongodb": {
      "name": "dripline-plugin-mongodb",
      "version": "0.1.0"
    },
    "plugins/mongodbatlas": {
      "name": "dripline-plugin-mongodbatlas",
      "version": "0.1.0",
      "peerDependencies": {
        "dripline": ">=0.3.0"
      }
    },
    "plugins/net": {
      "name": "dripline-plugin-net",
      "version": "0.1.0",
      "peerDependencies": {
        "dripline": ">=0.3.0"
      }
    },
    "plugins/newrelic": {
      "name": "dripline-plugin-newrelic",
      "version": "0.1.0",
      "peerDependencies": {
        "dripline": ">=0.3.0"
      }
    },
    "plugins/npm": {
      "name": "dripline-plugin-npm",
      "version": "0.1.0",
      "license": "MIT",
      "devDependencies": {
        "typescript": "^5.8.0"
      },
      "peerDependencies": {
        "dripline": ">=0.2.0"
      }
    },
    "plugins/okta": {
      "name": "dripline-plugin-okta",
      "version": "0.1.0",
      "peerDependencies": {
        "dripline": ">=0.3.0"
      }
    },
    "plugins/onepassword": {
      "name": "dripline-plugin-onepassword",
      "version": "0.1.0",
      "peerDependencies": {
        "dripline": ">=0.3.0"
      }
    },
    "plugins/openai": {
      "name": "dripline-plugin-openai",
      "version": "0.1.0",
      "peerDependencies": {
        "dripline": ">=0.3.0"
      }
    },
    "plugins/pagerduty": {
      "name": "dripline-plugin-pagerduty",
      "version": "0.1.0",
      "peerDependencies": {
        "dripline": ">=0.3.0"
      }
    },
    "plugins/pi": {
      "name": "dripline-plugin-pi",
      "version": "0.1.0",
      "license": "MIT",
      "devDependencies": {
        "typescript": "^5.8.0"
      },
      "peerDependencies": {
        "dripline": ">=0.2.0"
      }
    },
    "plugins/ps": {
      "name": "dripline-plugin-ps",
      "version": "0.1.0",
      "license": "MIT",
      "devDependencies": {
        "typescript": "^5.8.0"
      },
      "peerDependencies": {
        "dripline": ">=0.2.0"
      }
    },
    "plugins/reddit": {
      "name": "dripline-plugin-reddit",
      "version": "0.1.0",
      "peerDependencies": {
        "dripline": ">=0.3.0"
      }
    },
    "plugins/rss": {
      "name": "dripline-plugin-rss",
      "version": "0.1.0",
      "peerDependencies": {
        "dripline": ">=0.3.0"
      }
    },
    "plugins/sentry": {
      "name": "dripline-plugin-sentry",
      "version": "0.1.0",
      "peerDependencies": {
        "dripline": ">=0.3.0"
      }
    },
    "plugins/shodan": {
      "name": "dripline-plugin-shodan",
      "version": "0.1.0",
      "peerDependencies": {
        "dripline": ">=0.3.0"
      }
    },
    "plugins/skills-sh": {
      "name": "dripline-plugin-skills-sh",
      "version": "0.1.0",
      "license": "MIT",
      "devDependencies": {
        "typescript": "^5.8.0"
      },
      "peerDependencies": {
        "dripline": ">=0.2.0"
      }
    },
    "plugins/slack": {
      "name": "dripline-plugin-slack",
      "version": "0.1.0",
      "peerDependencies": {
        "dripline": ">=0.3.0"
      }
    },
    "plugins/spotlight": {
      "name": "dripline-plugin-spotlight",
      "version": "0.1.0",
      "license": "MIT",
      "devDependencies": {
        "typescript": "^5.8.0"
      },
      "peerDependencies": {
        "dripline": ">=0.2.0"
      }
    },
    "plugins/stripe": {
      "name": "dripline-plugin-stripe",
      "version": "0.1.0",
      "peerDependencies": {
        "dripline": ">=0.3.0"
      }
    },
    "plugins/svgl": {
      "name": "dripline-plugin-svgl",
      "version": "0.1.0",
      "peerDependencies": {
        "dripline": ">=0.3.0"
      }
    },
    "plugins/system-profiler": {
      "name": "dripline-plugin-system-profiler",
      "version": "0.1.0",
      "license": "MIT",
      "devDependencies": {
        "typescript": "^5.8.0"
      },
      "peerDependencies": {
        "dripline": ">=0.2.0"
      }
    },
    "plugins/tailscale": {
      "name": "dripline-plugin-tailscale",
      "version": "0.1.0",
      "peerDependencies": {
        "dripline": ">=0.3.0"
      }
    },
    "plugins/terraform": {
      "name": "dripline-plugin-terraform",
      "version": "0.1.0",
      "peerDependencies": {
        "dripline": ">=0.3.0"
      }
    },
    "plugins/trello": {
      "name": "dripline-plugin-trello",
      "version": "0.1.0",
      "peerDependencies": {
        "dripline": ">=0.3.0"
      }
    },
    "plugins/trivy": {
      "name": "dripline-plugin-trivy",
      "version": "0.1.0",
      "peerDependencies": {
        "dripline": ">=0.3.0"
      }
    },
    "plugins/twilio": {
      "name": "dripline-plugin-twilio",
      "version": "0.1.0",
      "peerDependencies": {
        "dripline": ">=0.3.0"
      }
    },
    "plugins/urlscan": {
      "name": "dripline-plugin-urlscan",
      "version": "0.1.0",
      "peerDependencies": {
        "dripline": ">=0.3.0"
      }
    },
    "plugins/vercel": {
      "name": "dripline-plugin-vercel",
      "version": "0.1.0",
      "license": "MIT",
      "devDependencies": {
        "typescript": "^5.8.0"
      },
      "peerDependencies": {
        "dripline": ">=0.2.0"
      }
    },
    "plugins/zendesk": {
      "name": "dripline-plugin-zendesk",
      "version": "0.1.0",
      "peerDependencies": {
        "dripline": ">=0.3.0"
      }
    }
  }
}
